// !$*UTF8*$!
{
	archiveVersion = 1;
	classes = {
	};
	objectVersion = 46;
	objects = {

/* Begin PBXBuildFile section */
		660F5FD314000D1500EC868F /* UIKit.framework in Frameworks */ = {isa = PBXBuildFile; fileRef = 660F5FD214000D1500EC868F /* UIKit.framework */; };
		660F5FD514000D1500EC868F /* Foundation.framework in Frameworks */ = {isa = PBXBuildFile; fileRef = 660F5FD414000D1500EC868F /* Foundation.framework */; };
		660F5FD714000D1500EC868F /* CoreGraphics.framework in Frameworks */ = {isa = PBXBuildFile; fileRef = 660F5FD614000D1500EC868F /* CoreGraphics.framework */; };
		660F5FDD14000D1500EC868F /* InfoPlist.strings in Resources */ = {isa = PBXBuildFile; fileRef = 660F5FDB14000D1500EC868F /* InfoPlist.strings */; };
		660F5FDF14000D1500EC868F /* main.m in Sources */ = {isa = PBXBuildFile; fileRef = 660F5FDE14000D1500EC868F /* main.m */; };
		660F5FE314000D1500EC868F /* VoronoiDiacamAppDelegate.m in Sources */ = {isa = PBXBuildFile; fileRef = 660F5FE214000D1500EC868F /* VoronoiDiacamAppDelegate.m */; };
		660F5FE614000D1500EC868F /* MainWindow.xib in Resources */ = {isa = PBXBuildFile; fileRef = 660F5FE414000D1500EC868F /* MainWindow.xib */; };
/* End PBXBuildFile section */

/* Begin PBXFileReference section */
		660F5FCE14000D1500EC868F /* VoronoiDiacam.app */ = {isa = PBXFileReference; explicitFileType = wrapper.application; includeInIndex = 0; path = VoronoiDiacam.app; sourceTree = BUILT_PRODUCTS_DIR; };
		660F5FD214000D1500EC868F /* UIKit.framework */ = {isa = PBXFileReference; lastKnownFileType = wrapper.framework; name = UIKit.framework; path = System/Library/Frameworks/UIKit.framework; sourceTree = SDKROOT; };
		660F5FD414000D1500EC868F /* Foundation.framework */ = {isa = PBXFileReference; lastKnownFileType = wrapper.framework; name = Foundation.framework; path = System/Library/Frameworks/Foundation.framework; sourceTree = SDKROOT; };
		660F5FD614000D1500EC868F /* CoreGraphics.framework */ = {isa = PBXFileReference; lastKnownFileType = wrapper.framework; name = CoreGraphics.framework; path = System/Library/Frameworks/CoreGraphics.framework; sourceTree = SDKROOT; };
		660F5FDA14000D1500EC868F /* VoronoiDiacam-Info.plist */ = {isa = PBXFileReference; lastKnownFileType = text.plist.xml; path = "VoronoiDiacam-Info.plist"; sourceTree = "<group>"; };
		660F5FDC14000D1500EC868F /* en */ = {isa = PBXFileReference; lastKnownFileType = text.plist.strings; name = en; path = en.lproj/InfoPlist.strings; sourceTree = "<group>"; };
		660F5FDE14000D1500EC868F /* main.m */ = {isa = PBXFileReference; lastKnownFileType = sourcecode.c.objc; path = main.m; sourceTree = "<group>"; };
		660F5FE014000D1500EC868F /* VoronoiDiacam-Prefix.pch */ = {isa = PBXFileReference; lastKnownFileType = sourcecode.c.h; path = "VoronoiDiacam-Prefix.pch"; sourceTree = "<group>"; };
		660F5FE114000D1500EC868F /* VoronoiDiacamAppDelegate.h */ = {isa = PBXFileReference; lastKnownFileType = sourcecode.c.h; path = VoronoiDiacamAppDelegate.h; sourceTree = "<group>"; };
		660F5FE214000D1500EC868F /* VoronoiDiacamAppDelegate.m */ = {isa = PBXFileReference; lastKnownFileType = sourcecode.c.objc; path = VoronoiDiacamAppDelegate.m; sourceTree = "<group>"; };
		660F5FE514000D1500EC868F /* en */ = {isa = PBXFileReference; lastKnownFileType = file.xib; name = en; path = en.lproj/MainWindow.xib; sourceTree = "<group>"; };
/* End PBXFileReference section */

/* Begin PBXFrameworksBuildPhase section */
		660F5FCB14000D1500EC868F /* Frameworks */ = {
			isa = PBXFrameworksBuildPhase;
			buildActionMask = 2147483647;
			files = (
				660F5FD314000D1500EC868F /* UIKit.framework in Frameworks */,
				660F5FD514000D1500EC868F /* Foundation.framework in Frameworks */,
				660F5FD714000D1500EC868F /* CoreGraphics.framework in Frameworks */,
			);
			runOnlyForDeploymentPostprocessing = 0;
		};
/* End PBXFrameworksBuildPhase section */

/* Begin PBXGroup section */
		660F5FC314000D1500EC868F = {
			isa = PBXGroup;
			children = (
				660F5FD814000D1500EC868F /* VoronoiDiacam */,
				660F5FD114000D1500EC868F /* Frameworks */,
				660F5FCF14000D1500EC868F /* Products */,
			);
			sourceTree = "<group>";
		};
		660F5FCF14000D1500EC868F /* Products */ = {
			isa = PBXGroup;
			children = (
				660F5FCE14000D1500EC868F /* VoronoiDiacam.app */,
			);
			name = Products;
			sourceTree = "<group>";
		};
		660F5FD114000D1500EC868F /* Frameworks */ = {
			isa = PBXGroup;
			children = (
				660F5FD214000D1500EC868F /* UIKit.framework */,
				660F5FD414000D1500EC868F /* Foundation.framework */,
				660F5FD614000D1500EC868F /* CoreGraphics.framework */,
			);
			name = Frameworks;
			sourceTree = "<group>";
		};
		660F5FD814000D1500EC868F /* VoronoiDiacam */ = {
			isa = PBXGroup;
			children = (
				660F5FE114000D1500EC868F /* VoronoiDiacamAppDelegate.h */,
				660F5FE214000D1500EC868F /* VoronoiDiacamAppDelegate.m */,
				660F5FE414000D1500EC868F /* MainWindow.xib */,
				660F5FD914000D1500EC868F /* Supporting Files */,
			);
			path = VoronoiDiacam;
			sourceTree = "<group>";
		};
		660F5FD914000D1500EC868F /* Supporting Files */ = {
			isa = PBXGroup;
			children = (
				660F5FDA14000D1500EC868F /* VoronoiDiacam-Info.plist */,
				660F5FDB14000D1500EC868F /* InfoPlist.strings */,
				660F5FDE14000D1500EC868F /* main.m */,
				660F5FE014000D1500EC868F /* VoronoiDiacam-Prefix.pch */,
			);
			name = "Supporting Files";
			sourceTree = "<group>";
		};
/* End PBXGroup section */

/* Begin PBXNativeTarget section */
		660F5FCD14000D1500EC868F /* VoronoiDiacam */ = {
			isa = PBXNativeTarget;
			buildConfigurationList = 660F5FE914000D1500EC868F /* Build configuration list for PBXNativeTarget "VoronoiDiacam" */;
			buildPhases = (
				660F5FCA14000D1500EC868F /* Sources */,
				660F5FCB14000D1500EC868F /* Frameworks */,
				660F5FCC14000D1500EC868F /* Resources */,
			);
			buildRules = (
			);
			dependencies = (
			);
			name = VoronoiDiacam;
			productName = VoronoiDiacam;
			productReference = 660F5FCE14000D1500EC868F /* VoronoiDiacam.app */;
			productType = "com.apple.product-type.application";
		};
/* End PBXNativeTarget section */

/* Begin PBXProject section */
		660F5FC514000D1500EC868F /* Project object */ = {
			isa = PBXProject;
			buildConfigurationList = 660F5FC814000D1500EC868F /* Build configuration list for PBXProject "VoronoiDiacam" */;
			compatibilityVersion = "Xcode 3.2";
			developmentRegion = English;
			hasScannedForEncodings = 0;
			knownRegions = (
				en,
			);
			mainGroup = 660F5FC314000D1500EC868F;
			productRefGroup = 660F5FCF14000D1500EC868F /* Products */;
			projectDirPath = "";
			projectRoot = "";
			targets = (
				660F5FCD14000D1500EC868F /* VoronoiDiacam */,
			);
		};
/* End PBXProject section */

/* Begin PBXResourcesBuildPhase section */
		660F5FCC14000D1500EC868F /* Resources */ = {
			isa = PBXResourcesBuildPhase;
			buildActionMask = 2147483647;
			files = (
				660F5FDD14000D1500EC868F /* InfoPlist.strings in Resources */,
				660F5FE614000D1500EC868F /* MainWindow.xib in Resources */,
			);
			runOnlyForDeploymentPostprocessing = 0;
		};
/* End PBXResourcesBuildPhase section */

/* Begin PBXSourcesBuildPhase section */
		660F5FCA14000D1500EC868F /* Sources */ = {
			isa = PBXSourcesBuildPhase;
			buildActionMask = 2147483647;
			files = (
				660F5FDF14000D1500EC868F /* main.m in Sources */,
				660F5FE314000D1500EC868F /* VoronoiDiacamAppDelegate.m in Sources */,
			);
			runOnlyForDeploymentPostprocessing = 0;
		};
/* End PBXSourcesBuildPhase section */

/* Begin PBXVariantGroup section */
		660F5FDB14000D1500EC868F /* InfoPlist.strings */ = {
			isa = PBXVariantGroup;
			children = (
				660F5FDC14000D1500EC868F /* en */,
			);
			name = InfoPlist.strings;
			sourceTree = "<group>";
		};
		660F5FE414000D1500EC868F /* MainWindow.xib */ = {
			isa = PBXVariantGroup;
			children = (
				660F5FE514000D1500EC868F /* en */,
			);
			name = MainWindow.xib;
			sourceTree = "<group>";
		};
/* End PBXVariantGroup section */

/* Begin XCBuildConfiguration section */
		660F5FE714000D1500EC868F /* Debug */ = {
			isa = XCBuildConfiguration;
			buildSettings = {
				ALWAYS_SEARCH_USER_PATHS = NO;
				ARCHS = "$(ARCHS_UNIVERSAL_IPHONE_OS)";
				"CODE_SIGN_IDENTITY[sdk=iphoneos*]" = "iPhone Developer";
				COPY_PHASE_STRIP = NO;
				GCC_C_LANGUAGE_STANDARD = gnu99;
				GCC_DYNAMIC_NO_PIC = NO;
				GCC_OPTIMIZATION_LEVEL = 0;
				GCC_PREPROCESSOR_DEFINITIONS = (
					"DEBUG=1",
					"$(inherited)",
				);
				GCC_SYMBOLS_PRIVATE_EXTERN = NO;
				GCC_VERSION = com.apple.compilers.llvmgcc42;
				GCC_WARN_ABOUT_MISSING_PROTOTYPES = YES;
				GCC_WARN_ABOUT_RETURN_TYPE = YES;
				GCC_WARN_UNUSED_VARIABLE = YES;
				IPHONEOS_DEPLOYMENT_TARGET = 4.3;
				SDKROOT = iphoneos;
				TARGETED_DEVICE_FAMILY = 2;
			};
			name = Debug;
		};
		660F5FE814000D1500EC868F /* Release */ = {
			isa = XCBuildConfiguration;
			buildSettings = {
				ALWAYS_SEARCH_USER_PATHS = NO;
				ARCHS = "$(ARCHS_UNIVERSAL_IPHONE_OS)";
				"CODE_SIGN_IDENTITY[sdk=iphoneos*]" = "iPhone Developer";
				COPY_PHASE_STRIP = YES;
				GCC_C_LANGUAGE_STANDARD = gnu99;
				GCC_VERSION = com.apple.compilers.llvmgcc42;
				GCC_WARN_ABOUT_MISSING_PROTOTYPES = YES;
				GCC_WARN_ABOUT_RETURN_TYPE = YES;
				GCC_WARN_UNUSED_VARIABLE = YES;
				IPHONEOS_DEPLOYMENT_TARGET = 4.3;
				OTHER_CFLAGS = "-DNS_BLOCK_ASSERTIONS=1";
				SDKROOT = iphoneos;
				TARGETED_DEVICE_FAMILY = 2;
				VALIDATE_PRODUCT = YES;
			};
			name = Release;
		};
		660F5FEA14000D1500EC868F /* Debug */ = {
			isa = XCBuildConfiguration;
			buildSettings = {
				GCC_PRECOMPILE_PREFIX_HEADER = YES;
				GCC_PREFIX_HEADER = "VoronoiDiacam/VoronoiDiacam-Prefix.pch";
				INFOPLIST_FILE = "VoronoiDiacam/VoronoiDiacam-Info.plist";
				PRODUCT_NAME = "$(TARGET_NAME)";
				WRAPPER_EXTENSION = app;
			};
			name = Debug;
		};
		660F5FEB14000D1500EC868F /* Release */ = {
			isa = XCBuildConfiguration;
			buildSettings = {
				GCC_PRECOMPILE_PREFIX_HEADER = YES;
				GCC_PREFIX_HEADER = "VoronoiDiacam/VoronoiDiacam-Prefix.pch";
				INFOPLIST_FILE = "VoronoiDiacam/VoronoiDiacam-Info.plist";
				PRODUCT_NAME = "$(TARGET_NAME)";
				WRAPPER_EXTENSION = app;
			};
			name = Release;
		};
/* End XCBuildConfiguration section */

/* Begin XCConfigurationList section */
		660F5FC814000D1500EC868F /* Build configuration list for PBXProject "VoronoiDiacam" */ = {
			isa = XCConfigurationList;
			buildConfigurations = (
				660F5FE714000D1500EC868F /* Debug */,
				660F5FE814000D1500EC868F /* Release */,
			);
			defaultConfigurationIsVisible = 0;
			defaultConfigurationName = Release;
		};
		660F5FE914000D1500EC868F /* Build configuration list for PBXNativeTarget "VoronoiDiacam" */ = {
			isa = XCConfigurationList;
			buildConfigurations = (
				660F5FEA14000D1500EC868F /* Debug */,
				660F5FEB14000D1500EC868F /* Release */,
			);
			defaultConfigurationIsVisible = 0;
		};
/* End XCConfigurationList section */
	};
	rootObject = 660F5FC514000D1500EC868F /* Project object */;
}
